
Microsoft Visual Studio Solution File, Format Version 12.00
# Visual Studio 2012
Project("{FAE04EC0-301F-11D3-BF4B-00C04F79EFBC}") = "OA.BLL", "OA.BLL\OA.BLL.csproj", "{24A3604B-644D-4D32-9B52-4719A54C4EE7}"
EndProject
Project("{FAE04EC0-301F-11D3-BF4B-00C04F79EFBC}") = "OA.Model", "OA.Model\OA.Model.csproj", "{5C9B818A-2BFA-4051-9D49-3E4D63D45B5B}"
EndProject
Project("{FAE04EC0-301F-11D3-BF4B-00C04F79EFBC}") = "OA.DAL", "OA.DAL\OA.DAL.csproj", "{8915F383-0096-4882-A99C-2BB2350965E6}"
EndProject
Project("{FAE04EC0-301F-11D3-BF4B-00C04F79EFBC}") = "OA.Common", "OA.Common\OA.Common.csproj", "{1788B549-6E4C-4B95-8373-B7AC54D1A133}"
EndProject
Project("{FAE04EC0-301F-11D3-BF4B-00C04F79EFBC}") = "OA.UI.Portal", "OA.UI.Portal\OA.UI.Portal.csproj", "{3B181D72-B752-4498-8C38-236855D94BA7}"
EndProject
Project("{FAE04EC0-301F-11D3-BF4B-00C04F79EFBC}") = "Test", "Test\Test.csproj", "{78FE0587-3FF3-4BB5-B4A3-8C4B07AF96E5}"
EndProject
Project("{FAE04EC0-301F-11D3-BF4B-00C04F79EFBC}") = "Log4Net", "Log4Net\Log4Net.csproj", "{4F5D8A9C-3C22-4A10-B17D-4CBAF792DD13}"
EndProject
Project("{FAE04EC0-301F-11D3-BF4B-00C04F79EFBC}") = "OA.IDAL", "OA.IDAL\OA.IDAL.csproj", "{C801C81F-E314-449D-AFD8-33147F5021E2}"
EndProject
Project("{FAE04EC0-301F-11D3-BF4B-00C04F79EFBC}") = "OA.DALFactory", "OA.DALFactory\OA.DALFactory.csproj", "{B87A6B5A-88B5-4D5C-9872-B459756F6030}"
EndProject
Project("{FAE04EC0-301F-11D3-BF4B-00C04F79EFBC}") = "OA.NHDAL", "OA.NHDAL\OA.NHDAL.csproj", "{FB30F288-62B0-4171-B4D6-85AF0FA046DE}"
EndProject
Project("{FAE04EC0-301F-11D3-BF4B-00C04F79EFBC}") = "SpringNet", "SpringNet\SpringNet.csproj", "{AF3ED5F4-406C-4E85-9871-B29600151BC4}"
EndProject
Project("{FAE04EC0-301F-11D3-BF4B-00C04F79EFBC}") = "UnitTestProject1", "UnitTestProject1\UnitTestProject1.csproj", "{BCF42FC9-872A-45BE-9EB8-C4C46FCB012D}"
EndProject
Global
	GlobalSection(SolutionConfigurationPlatforms) = preSolution
		Debug|Any CPU = Debug|Any CPU
		Release|Any CPU = Release|Any CPU
	EndGlobalSection
	GlobalSection(ProjectConfigurationPlatforms) = postSolution
		{24A3604B-644D-4D32-9B52-4719A54C4EE7}.Debug|Any CPU.ActiveCfg = Debug|Any CPU
		{24A3604B-644D-4D32-9B52-4719A54C4EE7}.Debug|Any CPU.Build.0 = Debug|Any CPU
		{24A3604B-644D-4D32-9B52-4719A54C4EE7}.Release|Any CPU.ActiveCfg = Release|Any CPU
		{24A3604B-644D-4D32-9B52-4719A54C4EE7}.Release|Any CPU.Build.0 = Release|Any CPU
		{5C9B818A-2BFA-4051-9D49-3E4D63D45B5B}.Debug|Any CPU.ActiveCfg = Debug|Any CPU
		{5C9B818A-2BFA-4051-9D49-3E4D63D45B5B}.Debug|Any CPU.Build.0 = Debug|Any CPU
		{5C9B818A-2BFA-4051-9D49-3E4D63D45B5B}.Release|Any CPU.ActiveCfg = Release|Any CPU
		{5C9B818A-2BFA-4051-9D49-3E4D63D45B5B}.Release|Any CPU.Build.0 = Release|Any CPU
		{8915F383-0096-4882-A99C-2BB2350965E6}.Debug|Any CPU.ActiveCfg = Debug|Any CPU
		{8915F383-0096-4882-A99C-2BB2350965E6}.Debug|Any CPU.Build.0 = Debug|Any CPU
		{8915F383-0096-4882-A99C-2BB2350965E6}.Release|Any CPU.ActiveCfg = Release|Any CPU
		{8915F383-0096-4882-A99C-2BB2350965E6}.Release|Any CPU.Build.0 = Release|Any CPU
		{1788B549-6E4C-4B95-8373-B7AC54D1A133}.Debug|Any CPU.ActiveCfg = Debug|Any CPU
		{1788B549-6E4C-4B95-8373-B7AC54D1A133}.Debug|Any CPU.Build.0 = Debug|Any CPU
		{1788B549-6E4C-4B95-8373-B7AC54D1A133}.Release|Any CPU.ActiveCfg = Release|Any CPU
		{1788B549-6E4C-4B95-8373-B7AC54D1A133}.Release|Any CPU.Build.0 = Release|Any CPU
		{3B181D72-B752-4498-8C38-236855D94BA7}.Debug|Any CPU.ActiveCfg = Debug|Any CPU
		{3B181D72-B752-4498-8C38-236855D94BA7}.Debug|Any CPU.Build.0 = Debug|Any CPU
		{3B181D72-B752-4498-8C38-236855D94BA7}.Release|Any CPU.ActiveCfg = Release|Any CPU
		{3B181D72-B752-4498-8C38-236855D94BA7}.Release|Any CPU.Build.0 = Release|Any CPU
		{78FE0587-3FF3-4BB5-B4A3-8C4B07AF96E5}.Debug|Any CPU.ActiveCfg = Debug|Any CPU
		{78FE0587-3FF3-4BB5-B4A3-8C4B07AF96E5}.Debug|Any CPU.Build.0 = Debug|Any CPU
		{78FE0587-3FF3-4BB5-B4A3-8C4B07AF96E5}.Release|Any CPU.ActiveCfg = Release|Any CPU
		{78FE0587-3FF3-4BB5-B4A3-8C4B07AF96E5}.Release|Any CPU.Build.0 = Release|Any CPU
		{4F5D8A9C-3C22-4A10-B17D-4CBAF792DD13}.Debug|Any CPU.ActiveCfg = Debug|Any CPU
		{4F5D8A9C-3C22-4A10-B17D-4CBAF792DD13}.Debug|Any CPU.Build.0 = Debug|Any CPU
		{4F5D8A9C-3C22-4A10-B17D-4CBAF792DD13}.Release|Any CPU.ActiveCfg = Release|Any CPU
		{4F5D8A9C-3C22-4A10-B17D-4CBAF792DD13}.Release|Any CPU.Build.0 = Release|Any CPU
		{C801C81F-E314-449D-AFD8-33147F5021E2}.Debug|Any CPU.ActiveCfg = Debug|Any CPU
		{C801C81F-E314-449D-AFD8-33147F5021E2}.Debug|Any CPU.Build.0 = Debug|Any CPU
		{C801C81F-E314-449D-AFD8-33147F5021E2}.Release|Any CPU.ActiveCfg = Release|Any CPU
		{C801C81F-E314-449D-AFD8-33147F5021E2}.Release|Any CPU.Build.0 = Release|Any CPU
		{B87A6B5A-88B5-4D5C-9872-B459756F6030}.Debug|Any CPU.ActiveCfg = Debug|Any CPU
		{B87A6B5A-88B5-4D5C-9872-B459756F6030}.Debug|Any CPU.Build.0 = Debug|Any CPU
		{B87A6B5A-88B5-4D5C-9872-B459756F6030}.Release|Any CPU.ActiveCfg = Release|Any CPU
		{B87A6B5A-88B5-4D5C-9872-B459756F6030}.Release|Any CPU.Build.0 = Release|Any CPU
		{FB30F288-62B0-4171-B4D6-85AF0FA046DE}.Debug|Any CPU.ActiveCfg = Debug|Any CPU
		{FB30F288-62B0-4171-B4D6-85AF0FA046DE}.Debug|Any CPU.Build.0 = Debug|Any CPU
		{FB30F288-62B0-4171-B4D6-85AF0FA046DE}.Release|Any CPU.ActiveCfg = Release|Any CPU
		{FB30F288-62B0-4171-B4D6-85AF0FA046DE}.Release|Any CPU.Build.0 = Release|Any CPU
		{AF3ED5F4-406C-4E85-9871-B29600151BC4}.Debug|Any CPU.ActiveCfg = Debug|Any CPU
		{AF3ED5F4-406C-4E85-9871-B29600151BC4}.Debug|Any CPU.Build.0 = Debug|Any CPU
		{AF3ED5F4-406C-4E85-9871-B29600151BC4}.Release|Any CPU.ActiveCfg = Release|Any CPU
		{AF3ED5F4-406C-4E85-9871-B29600151BC4}.Release|Any CPU.Build.0 = Release|Any CPU
		{BCF42FC9-872A-45BE-9EB8-C4C46FCB012D}.Debug|Any CPU.ActiveCfg = Debug|Any CPU
		{BCF42FC9-872A-45BE-9EB8-C4C46FCB012D}.Debug|Any CPU.Build.0 = Debug|Any CPU
		{BCF42FC9-872A-45BE-9EB8-C4C46FCB012D}.Release|Any CPU.ActiveCfg = Release|Any CPU
		{BCF42FC9-872A-45BE-9EB8-C4C46FCB012D}.Release|Any CPU.Build.0 = Release|Any CPU
	EndGlobalSection
	GlobalSection(SolutionProperties) = preSolution
		HideSolutionNode = FALSE
	EndGlobalSection
EndGlobal
